<?xml version="1.0" encoding="utf-8"?>
<Project ToolsVersion="4.0" xmlns="http://schemas.microsoft.com/developer/msbuild/2003">
  <ItemGroup>
    <Filter Include="ソース ファイル">
      <UniqueIdentifier>{4FC737F1-C7A5-4376-A066-2A32D752A2FF}</UniqueIdentifier>
      <Extensions>cpp;c;cc;cxx;def;odl;idl;hpj;bat;asm;asmx</Extensions>
    </Filter>
    <Filter Include="ヘッダー ファイル">
      <UniqueIdentifier>{93995380-89BD-4b04-88EB-625FBE52EBFB}</UniqueIdentifier>
      <Extensions>h;hh;hpp;hxx;hm;inl;inc;ipp;xsd</Extensions>
    </Filter>
    <Filter Include="リソース ファイル">
      <UniqueIdentifier>{67DA6AB6-F800-4c08-8B7A-83BB121AAD01}</UniqueIdentifier>
      <Extensions>rc;ico;cur;bmp;dlg;rc2;rct;bin;rgs;gif;jpg;jpeg;jpe;resx;tiff;tif;png;wav;mfcribbon-ms</Extensions>
    </Filter>
    <Filter Include="ソース ファイル\main">
      <UniqueIdentifier>{29168e77-7234-4a27-8c21-a64c55cd0a04}</UniqueIdentifier>
    </Filter>
    <Filter Include="ソース ファイル\Base">
      <UniqueIdentifier>{43aff083-0b0e-4d14-a842-1266d3084b2d}</UniqueIdentifier>
    </Filter>
    <Filter Include="ヘッダー ファイル\Base">
      <UniqueIdentifier>{c8532197-5d7f-4e16-834c-e1b725bc68c6}</UniqueIdentifier>
    </Filter>
    <Filter Include="ソース ファイル\Chara">
      <UniqueIdentifier>{c4448bff-90fc-4599-80b3-c956f1dc3e5f}</UniqueIdentifier>
    </Filter>
    <Filter Include="ヘッダー ファイル\Chara">
      <UniqueIdentifier>{92c4b293-56cb-4cbe-847e-f47804cea029}</UniqueIdentifier>
    </Filter>
    <Filter Include="ソース ファイル\Chara\Ememy">
      <UniqueIdentifier>{38fbc9b0-c73c-4b97-bf94-cf54e2e3ce2f}</UniqueIdentifier>
    </Filter>
    <Filter Include="ヘッダー ファイル\Chara\Enemy">
      <UniqueIdentifier>{42e5447f-324b-4d6e-839c-59b2234ad6fd}</UniqueIdentifier>
    </Filter>
    <Filter Include="ソース ファイル\Star">
      <UniqueIdentifier>{19f03915-6e16-43f9-9ef6-2a56844f0732}</UniqueIdentifier>
    </Filter>
    <Filter Include="ヘッダー ファイル\Star">
      <UniqueIdentifier>{f12f1ca8-b0e5-49ed-b4d5-79571ce3fcf0}</UniqueIdentifier>
    </Filter>
    <Filter Include="ソース ファイル\Map">
      <UniqueIdentifier>{3f9948e2-adf9-4002-af77-6e7388a98a5d}</UniqueIdentifier>
    </Filter>
    <Filter Include="ヘッダー ファイル\Map">
      <UniqueIdentifier>{f121a0c1-848c-41f3-8a43-d9db5efc6e13}</UniqueIdentifier>
    </Filter>
    <Filter Include="ソース ファイル\Controller">
      <UniqueIdentifier>{4c4eac01-93a1-48ab-a931-4b1c6b564a3d}</UniqueIdentifier>
    </Filter>
    <Filter Include="ヘッダー ファイル\Controller">
      <UniqueIdentifier>{2e076f1a-50ca-4347-b0ad-26e458d1d47c}</UniqueIdentifier>
    </Filter>
    <Filter Include="ソース ファイル\List">
      <UniqueIdentifier>{af458478-b2a3-4565-8a7c-21f71d02b4e0}</UniqueIdentifier>
    </Filter>
    <Filter Include="ヘッダー ファイル\List">
      <UniqueIdentifier>{58557f4d-7373-4063-bc0e-94854bb8bc4b}</UniqueIdentifier>
    </Filter>
  </ItemGroup>
  <ItemGroup>
    <ClCompile Include="main.cpp">
      <Filter>ソース ファイル\main</Filter>
    </ClCompile>
    <ClCompile Include="BasicObject.cpp">
      <Filter>ソース ファイル\Base</Filter>
    </ClCompile>
    <ClCompile Include="Physical.cpp">
      <Filter>ソース ファイル\Base</Filter>
    </ClCompile>
    <ClCompile Include="BaseSwitch.cpp">
      <Filter>ソース ファイル\Base</Filter>
    </ClCompile>
    <ClCompile Include="Player.cpp">
      <Filter>ソース ファイル\Chara</Filter>
    </ClCompile>
    <ClCompile Include="Enemy.cpp">
      <Filter>ソース ファイル\Chara\Ememy</Filter>
    </ClCompile>
    <ClCompile Include="BossEnemy.cpp">
      <Filter>ソース ファイル\Chara\Ememy</Filter>
    </ClCompile>
    <ClCompile Include="NormalEnemy.cpp">
      <Filter>ソース ファイル\Chara\Ememy</Filter>
    </ClCompile>
    <ClCompile Include="Star.cpp">
      <Filter>ソース ファイル\Star</Filter>
    </ClCompile>
    <ClCompile Include="SmallStar.cpp">
      <Filter>ソース ファイル\Star</Filter>
    </ClCompile>
    <ClCompile Include="BigStar.cpp">
      <Filter>ソース ファイル\Star</Filter>
    </ClCompile>
    <ClCompile Include="GravityStar.cpp">
      <Filter>ソース ファイル\Star</Filter>
    </ClCompile>
    <ClCompile Include="Map.cpp">
      <Filter>ソース ファイル\Map</Filter>
    </ClCompile>
    <ClCompile Include="Controller.cpp">
      <Filter>ソース ファイル\Controller</Filter>
    </ClCompile>
    <ClCompile Include="BasicList.cpp">
      <Filter>ソース ファイル\List</Filter>
    </ClCompile>
  </ItemGroup>
  <ItemGroup>
    <ClInclude Include="BasicObject.h">
      <Filter>ヘッダー ファイル\Base</Filter>
    </ClInclude>
    <ClInclude Include="Physical.h">
      <Filter>ヘッダー ファイル\Base</Filter>
    </ClInclude>
    <ClInclude Include="BaseSwitch.h">
      <Filter>ヘッダー ファイル\Base</Filter>
    </ClInclude>
    <ClInclude Include="Player.h">
      <Filter>ヘッダー ファイル\Chara</Filter>
    </ClInclude>
    <ClInclude Include="Enemy.h">
      <Filter>ヘッダー ファイル\Chara\Enemy</Filter>
    </ClInclude>
    <ClInclude Include="BossEnemy.h">
      <Filter>ヘッダー ファイル\Chara\Enemy</Filter>
    </ClInclude>
    <ClInclude Include="NormalEnemy.h">
      <Filter>ヘッダー ファイル\Chara\Enemy</Filter>
    </ClInclude>
    <ClInclude Include="SmallStar.h">
      <Filter>ヘッダー ファイル\Star</Filter>
    </ClInclude>
    <ClInclude Include="BigStar.h">
      <Filter>ヘッダー ファイル\Star</Filter>
    </ClInclude>
    <ClInclude Include="Star.h">
      <Filter>ヘッダー ファイル\Star</Filter>
    </ClInclude>
    <ClInclude Include="GravityStar.h">
      <Filter>ヘッダー ファイル\Star</Filter>
    </ClInclude>
    <ClInclude Include="Map.h">
      <Filter>ヘッダー ファイル\Map</Filter>
    </ClInclude>
    <ClInclude Include="Controller.h">
      <Filter>ヘッダー ファイル\Controller</Filter>
    </ClInclude>
    <ClInclude Include="BasicList.h">
      <Filter>ヘッダー ファイル\List</Filter>
    </ClInclude>
  </ItemGroup>
</Project>